
Microsoft Visual Studio Solution File, Format Version 12.00
# Visual Studio 14
VisualStudioVersion = 14.0.25420.1
MinimumVisualStudioVersion = 10.0.40219.1
Project("{FAE04EC0-301F-11D3-BF4B-00C04F79EFBC}") = "RunConsole", "RunConsole\RunConsole.csproj", "{AC36183F-B27D-4837-91AA-6EC1EF0F14D5}"
EndProject
Project("{FAE04EC0-301F-11D3-BF4B-00C04F79EFBC}") = "WCF", "WCF\WCF.csproj", "{5717051D-E806-4F6D-BC21-BE54A8EF6542}"
EndProject
Project("{FAE04EC0-301F-11D3-BF4B-00C04F79EFBC}") = "EntityFrameWork", "EntityFrameWork\EntityFrameWork.csproj", "{3A8344CF-CE7C-42C8-B639-D9C5D8961032}"
EndProject
Project("{FAE04EC0-301F-11D3-BF4B-00C04F79EFBC}") = "ServiceControl", "ServiceControl\ServiceControl.csproj", "{DA9D5D3D-EEEB-4648-9065-72626DCCAFBD}"
EndProject
Global
	GlobalSection(SolutionConfigurationPlatforms) = preSolution
		Debug|Any CPU = Debug|Any CPU
		Release|Any CPU = Release|Any CPU
	EndGlobalSection
	GlobalSection(ProjectConfigurationPlatforms) = postSolution
		{AC36183F-B27D-4837-91AA-6EC1EF0F14D5}.Debug|Any CPU.ActiveCfg = Debug|Any CPU
		{AC36183F-B27D-4837-91AA-6EC1EF0F14D5}.Debug|Any CPU.Build.0 = Debug|Any CPU
		{AC36183F-B27D-4837-91AA-6EC1EF0F14D5}.Release|Any CPU.ActiveCfg = Release|Any CPU
		{AC36183F-B27D-4837-91AA-6EC1EF0F14D5}.Release|Any CPU.Build.0 = Release|Any CPU
		{5717051D-E806-4F6D-BC21-BE54A8EF6542}.Debug|Any CPU.ActiveCfg = Debug|Any CPU
		{5717051D-E806-4F6D-BC21-BE54A8EF6542}.Debug|Any CPU.Build.0 = Debug|Any CPU
		{5717051D-E806-4F6D-BC21-BE54A8EF6542}.Release|Any CPU.ActiveCfg = Release|Any CPU
		{5717051D-E806-4F6D-BC21-BE54A8EF6542}.Release|Any CPU.Build.0 = Release|Any CPU
		{3A8344CF-CE7C-42C8-B639-D9C5D8961032}.Debug|Any CPU.ActiveCfg = Debug|Any CPU
		{3A8344CF-CE7C-42C8-B639-D9C5D8961032}.Debug|Any CPU.Build.0 = Debug|Any CPU
		{3A8344CF-CE7C-42C8-B639-D9C5D8961032}.Release|Any CPU.ActiveCfg = Release|Any CPU
		{3A8344CF-CE7C-42C8-B639-D9C5D8961032}.Release|Any CPU.Build.0 = Release|Any CPU
		{DA9D5D3D-EEEB-4648-9065-72626DCCAFBD}.Debug|Any CPU.ActiveCfg = Debug|Any CPU
		{DA9D5D3D-EEEB-4648-9065-72626DCCAFBD}.Debug|Any CPU.Build.0 = Debug|Any CPU
		{DA9D5D3D-EEEB-4648-9065-72626DCCAFBD}.Release|Any CPU.ActiveCfg = Release|Any CPU
		{DA9D5D3D-EEEB-4648-9065-72626DCCAFBD}.Release|Any CPU.Build.0 = Release|Any CPU
	EndGlobalSection
	GlobalSection(SolutionProperties) = preSolution
		HideSolutionNode = FALSE
	EndGlobalSection
EndGlobal
